// !$*UTF8*$!
{
	archiveVersion = 1;
	classes = {
	};
	objectVersion = 56;
	objects = {

/* Begin PBXBuildFile section */
		148C421F2BAF0B5700E272C5 /* JeuxView.swift in Sources */ = {isa = PBXBuildFile; fileRef = 148C421E2BAF0B5700E272C5 /* JeuxView.swift */; };
		148C42212BAF0BB600E272C5 /* Game.swift in Sources */ = {isa = PBXBuildFile; fileRef = 148C42202BAF0BB600E272C5 /* Game.swift */; };
		14C563882BA0922A00E17F09 /* appMobileBenevolesApp.swift in Sources */ = {isa = PBXBuildFile; fileRef = 14C563872BA0922A00E17F09 /* appMobileBenevolesApp.swift */; };
		14C5638A2BA0922A00E17F09 /* ContentView.swift in Sources */ = {isa = PBXBuildFile; fileRef = 14C563892BA0922A00E17F09 /* ContentView.swift */; };
		14C5638C2BA0922C00E17F09 /* Assets.xcassets in Resources */ = {isa = PBXBuildFile; fileRef = 14C5638B2BA0922C00E17F09 /* Assets.xcassets */; };
		14C5638F2BA0922C00E17F09 /* Preview Assets.xcassets in Resources */ = {isa = PBXBuildFile; fileRef = 14C5638E2BA0922C00E17F09 /* Preview Assets.xcassets */; };
		14C563992BA19AC300E17F09 /* UserDetailsView.swift in Sources */ = {isa = PBXBuildFile; fileRef = 14C563982BA19AC300E17F09 /* UserDetailsView.swift */; };
		14C563DE2BA8439100E17F09 /* LoginView.swift in Sources */ = {isa = PBXBuildFile; fileRef = 14C563DD2BA8439100E17F09 /* LoginView.swift */; };
		14C563E12BA8442500E17F09 /* User.swift in Sources */ = {isa = PBXBuildFile; fileRef = 14C563E02BA8442500E17F09 /* User.swift */; };
		14C563E32BA875E800E17F09 /* Accueil.swift in Sources */ = {isa = PBXBuildFile; fileRef = 14C563E22BA875E800E17F09 /* Accueil.swift */; };
		14CF98672BA9A57700551B00 /* SignUpView.swift in Sources */ = {isa = PBXBuildFile; fileRef = 14CF98662BA9A57700551B00 /* SignUpView.swift */; };
		14CF986B2BA9C4EC00551B00 /* CalendarView.swift in Sources */ = {isa = PBXBuildFile; fileRef = 14CF986A2BA9C4EC00551B00 /* CalendarView.swift */; };
		14CF986D2BA9C5A400551B00 /* NextPageView.swift in Sources */ = {isa = PBXBuildFile; fileRef = 14CF986C2BA9C5A400551B00 /* NextPageView.swift */; };
		14CF986F2BA9C8AC00551B00 /* NavBar.swift in Sources */ = {isa = PBXBuildFile; fileRef = 14CF986E2BA9C8AC00551B00 /* NavBar.swift */; };
		14CF98712BA9D4C400551B00 /* UserSettings.swift in Sources */ = {isa = PBXBuildFile; fileRef = 14CF98702BA9D4C400551B00 /* UserSettings.swift */; };
		14CF98732BA9DA6900551B00 /* Post.swift in Sources */ = {isa = PBXBuildFile; fileRef = 14CF98722BA9DA6900551B00 /* Post.swift */; };
		14CF98752BA9DBEA00551B00 /* Creneau.swift in Sources */ = {isa = PBXBuildFile; fileRef = 14CF98742BA9DBEA00551B00 /* Creneau.swift */; };
		14CF98772BA9DE0B00551B00 /* ZonePlan.swift in Sources */ = {isa = PBXBuildFile; fileRef = 14CF98762BA9DE0B00551B00 /* ZonePlan.swift */; };
		14CF98792BA9DE9700551B00 /* Festival.swift in Sources */ = {isa = PBXBuildFile; fileRef = 14CF98782BA9DE9700551B00 /* Festival.swift */; };
		14CF987B2BA9E12D00551B00 /* ZoneBenevole.swift in Sources */ = {isa = PBXBuildFile; fileRef = 14CF987A2BA9E12D00551B00 /* ZoneBenevole.swift */; };
		14CF987D2BA9E18500551B00 /* CreneauEspace.swift in Sources */ = {isa = PBXBuildFile; fileRef = 14CF987C2BA9E18500551B00 /* CreneauEspace.swift */; };
		14CF987F2BA9E29C00551B00 /* DemandeActivite.swift in Sources */ = {isa = PBXBuildFile; fileRef = 14CF987E2BA9E29C00551B00 /* DemandeActivite.swift */; };
/* End PBXBuildFile section */

/* Begin PBXFileReference section */
		148C421E2BAF0B5700E272C5 /* JeuxView.swift */ = {isa = PBXFileReference; lastKnownFileType = sourcecode.swift; name = JeuxView.swift; path = ../../JeuxView.swift; sourceTree = "<group>"; };
		148C42202BAF0BB600E272C5 /* Game.swift */ = {isa = PBXFileReference; lastKnownFileType = sourcecode.swift; path = Game.swift; sourceTree = "<group>"; };
		14C563842BA0922A00E17F09 /* appMobileBenevoles.app */ = {isa = PBXFileReference; explicitFileType = wrapper.application; includeInIndex = 0; path = appMobileBenevoles.app; sourceTree = BUILT_PRODUCTS_DIR; };
		14C563872BA0922A00E17F09 /* appMobileBenevolesApp.swift */ = {isa = PBXFileReference; lastKnownFileType = sourcecode.swift; path = appMobileBenevolesApp.swift; sourceTree = "<group>"; };
		14C563892BA0922A00E17F09 /* ContentView.swift */ = {isa = PBXFileReference; lastKnownFileType = sourcecode.swift; path = ContentView.swift; sourceTree = "<group>"; };
		14C5638B2BA0922C00E17F09 /* Assets.xcassets */ = {isa = PBXFileReference; lastKnownFileType = folder.assetcatalog; path = Assets.xcassets; sourceTree = "<group>"; };
		14C5638E2BA0922C00E17F09 /* Preview Assets.xcassets */ = {isa = PBXFileReference; lastKnownFileType = folder.assetcatalog; path = "Preview Assets.xcassets"; sourceTree = "<group>"; };
		14C563982BA19AC300E17F09 /* UserDetailsView.swift */ = {isa = PBXFileReference; lastKnownFileType = sourcecode.swift; path = UserDetailsView.swift; sourceTree = "<group>"; };
		14C563DD2BA8439100E17F09 /* LoginView.swift */ = {isa = PBXFileReference; lastKnownFileType = sourcecode.swift; path = LoginView.swift; sourceTree = "<group>"; };
		14C563E02BA8442500E17F09 /* User.swift */ = {isa = PBXFileReference; lastKnownFileType = sourcecode.swift; path = User.swift; sourceTree = "<group>"; };
		14C563E22BA875E800E17F09 /* Accueil.swift */ = {isa = PBXFileReference; lastKnownFileType = sourcecode.swift; path = Accueil.swift; sourceTree = "<group>"; };
		14CF98662BA9A57700551B00 /* SignUpView.swift */ = {isa = PBXFileReference; lastKnownFileType = sourcecode.swift; path = SignUpView.swift; sourceTree = "<group>"; };
		14CF986A2BA9C4EC00551B00 /* CalendarView.swift */ = {isa = PBXFileReference; lastKnownFileType = sourcecode.swift; path = CalendarView.swift; sourceTree = "<group>"; };
		14CF986C2BA9C5A400551B00 /* NextPageView.swift */ = {isa = PBXFileReference; lastKnownFileType = sourcecode.swift; path = NextPageView.swift; sourceTree = "<group>"; };
		14CF986E2BA9C8AC00551B00 /* NavBar.swift */ = {isa = PBXFileReference; lastKnownFileType = sourcecode.swift; path = NavBar.swift; sourceTree = "<group>"; };
		14CF98702BA9D4C400551B00 /* UserSettings.swift */ = {isa = PBXFileReference; lastKnownFileType = sourcecode.swift; path = UserSettings.swift; sourceTree = "<group>"; };
		14CF98722BA9DA6900551B00 /* Post.swift */ = {isa = PBXFileReference; lastKnownFileType = sourcecode.swift; path = Post.swift; sourceTree = "<group>"; };
		14CF98742BA9DBEA00551B00 /* Creneau.swift */ = {isa = PBXFileReference; lastKnownFileType = sourcecode.swift; path = Creneau.swift; sourceTree = "<group>"; };
		14CF98762BA9DE0B00551B00 /* ZonePlan.swift */ = {isa = PBXFileReference; lastKnownFileType = sourcecode.swift; path = ZonePlan.swift; sourceTree = "<group>"; };
		14CF98782BA9DE9700551B00 /* Festival.swift */ = {isa = PBXFileReference; lastKnownFileType = sourcecode.swift; path = Festival.swift; sourceTree = "<group>"; };
		14CF987A2BA9E12D00551B00 /* ZoneBenevole.swift */ = {isa = PBXFileReference; lastKnownFileType = sourcecode.swift; path = ZoneBenevole.swift; sourceTree = "<group>"; };
		14CF987C2BA9E18500551B00 /* CreneauEspace.swift */ = {isa = PBXFileReference; lastKnownFileType = sourcecode.swift; path = CreneauEspace.swift; sourceTree = "<group>"; };
		14CF987E2BA9E29C00551B00 /* DemandeActivite.swift */ = {isa = PBXFileReference; lastKnownFileType = sourcecode.swift; path = DemandeActivite.swift; sourceTree = "<group>"; };
/* End PBXFileReference section */

/* Begin PBXFrameworksBuildPhase section */
		14C563812BA0922A00E17F09 /* Frameworks */ = {
			isa = PBXFrameworksBuildPhase;
			buildActionMask = 2147483647;
			files = (
			);
			runOnlyForDeploymentPostprocessing = 0;
		};
/* End PBXFrameworksBuildPhase section */

/* Begin PBXGroup section */
		14C5637B2BA0922A00E17F09 = {
			isa = PBXGroup;
			children = (
				14CF986C2BA9C5A400551B00 /* NextPageView.swift */,
				14C563862BA0922A00E17F09 /* appMobileBenevoles */,
				14C563852BA0922A00E17F09 /* Products */,
			);
			sourceTree = "<group>";
		};
		14C563852BA0922A00E17F09 /* Products */ = {
			isa = PBXGroup;
			children = (
				14C563842BA0922A00E17F09 /* appMobileBenevoles.app */,
			);
			name = Products;
			sourceTree = "<group>";
		};
		14C563862BA0922A00E17F09 /* appMobileBenevoles */ = {
			isa = PBXGroup;
			children = (
				14C563DF2BA8441900E17F09 /* Models */,
				14C5638D2BA0922C00E17F09 /* Preview Content */,
				14C563E22BA875E800E17F09 /* Accueil.swift */,
				14C563982BA19AC300E17F09 /* UserDetailsView.swift */,
				14C563872BA0922A00E17F09 /* appMobileBenevolesApp.swift */,
				14C563892BA0922A00E17F09 /* ContentView.swift */,
				14C563DD2BA8439100E17F09 /* LoginView.swift */,
				14CF98662BA9A57700551B00 /* SignUpView.swift */,
				14CF986A2BA9C4EC00551B00 /* CalendarView.swift */,
				14CF986E2BA9C8AC00551B00 /* NavBar.swift */,
				14CF98702BA9D4C400551B00 /* UserSettings.swift */,
				148C421E2BAF0B5700E272C5 /* JeuxView.swift */,
			);
			path = appMobileBenevoles;
			sourceTree = "<group>";
		};
		14C5638D2BA0922C00E17F09 /* Preview Content */ = {
			isa = PBXGroup;
			children = (
				14C5638B2BA0922C00E17F09 /* Assets.xcassets */,
				14C5638E2BA0922C00E17F09 /* Preview Assets.xcassets */,
			);
			path = "Preview Content";
			sourceTree = "<group>";
		};
		14C563DF2BA8441900E17F09 /* Models */ = {
			isa = PBXGroup;
			children = (
				14C563E02BA8442500E17F09 /* User.swift */,
				14CF98722BA9DA6900551B00 /* Post.swift */,
				14CF98742BA9DBEA00551B00 /* Creneau.swift */,
				14CF98762BA9DE0B00551B00 /* ZonePlan.swift */,
				14CF98782BA9DE9700551B00 /* Festival.swift */,
				14CF987A2BA9E12D00551B00 /* ZoneBenevole.swift */,
				14CF987C2BA9E18500551B00 /* CreneauEspace.swift */,
				14CF987E2BA9E29C00551B00 /* DemandeActivite.swift */,
				148C42202BAF0BB600E272C5 /* Game.swift */,
			);
			path = Models;
			sourceTree = "<group>";
		};
/* End PBXGroup section */

/* Begin PBXNativeTarget section */
		14C563832BA0922A00E17F09 /* appMobileBenevoles */ = {
			isa = PBXNativeTarget;
			buildConfigurationList = 14C563922BA0922C00E17F09 /* Build configuration list for PBXNativeTarget "appMobileBenevoles" */;
			buildPhases = (
				14C563802BA0922A00E17F09 /* Sources */,
				14C563812BA0922A00E17F09 /* Frameworks */,
				14C563822BA0922A00E17F09 /* Resources */,
			);
			buildRules = (
			);
			dependencies = (
			);
			name = appMobileBenevoles;
			productName = appMobileBenevoles;
			productReference = 14C563842BA0922A00E17F09 /* appMobileBenevoles.app */;
			productType = "com.apple.product-type.application";
		};
/* End PBXNativeTarget section */

/* Begin PBXProject section */
		14C5637C2BA0922A00E17F09 /* Project object */ = {
			isa = PBXProject;
			attributes = {
				BuildIndependentTargetsInParallel = 1;
				LastSwiftUpdateCheck = 1520;
				LastUpgradeCheck = 1520;
				TargetAttributes = {
					14C563832BA0922A00E17F09 = {
						CreatedOnToolsVersion = 15.2;
					};
				};
			};
			buildConfigurationList = 14C5637F2BA0922A00E17F09 /* Build configuration list for PBXProject "appMobileBenevoles" */;
			compatibilityVersion = "Xcode 14.0";
			developmentRegion = en;
			hasScannedForEncodings = 0;
			knownRegions = (
				en,
				Base,
			);
			mainGroup = 14C5637B2BA0922A00E17F09;
			productRefGroup = 14C563852BA0922A00E17F09 /* Products */;
			projectDirPath = "";
			projectRoot = "";
			targets = (
				14C563832BA0922A00E17F09 /* appMobileBenevoles */,
			);
		};
/* End PBXProject section */

/* Begin PBXResourcesBuildPhase section */
		14C563822BA0922A00E17F09 /* Resources */ = {
			isa = PBXResourcesBuildPhase;
			buildActionMask = 2147483647;
			files = (
				14C5638F2BA0922C00E17F09 /* Preview Assets.xcassets in Resources */,
				14C5638C2BA0922C00E17F09 /* Assets.xcassets in Resources */,
			);
			runOnlyForDeploymentPostprocessing = 0;
		};
/* End PBXResourcesBuildPhase section */

/* Begin PBXSourcesBuildPhase section */
		14C563802BA0922A00E17F09 /* Sources */ = {
			isa = PBXSourcesBuildPhase;
			buildActionMask = 2147483647;
			files = (
				148C421F2BAF0B5700E272C5 /* JeuxView.swift in Sources */,
				14CF98672BA9A57700551B00 /* SignUpView.swift in Sources */,
				14CF98712BA9D4C400551B00 /* UserSettings.swift in Sources */,
				14CF98772BA9DE0B00551B00 /* ZonePlan.swift in Sources */,
				14C563E32BA875E800E17F09 /* Accueil.swift in Sources */,
				14CF98732BA9DA6900551B00 /* Post.swift in Sources */,
				14C5638A2BA0922A00E17F09 /* ContentView.swift in Sources */,
				14CF987D2BA9E18500551B00 /* CreneauEspace.swift in Sources */,
				14C563992BA19AC300E17F09 /* UserDetailsView.swift in Sources */,
				14CF986B2BA9C4EC00551B00 /* CalendarView.swift in Sources */,
				14CF987F2BA9E29C00551B00 /* DemandeActivite.swift in Sources */,
				148C42212BAF0BB600E272C5 /* Game.swift in Sources */,
				14CF98792BA9DE9700551B00 /* Festival.swift in Sources */,
				14CF987B2BA9E12D00551B00 /* ZoneBenevole.swift in Sources */,
				14CF986D2BA9C5A400551B00 /* NextPageView.swift in Sources */,
				14CF986F2BA9C8AC00551B00 /* NavBar.swift in Sources */,
				14C563DE2BA8439100E17F09 /* LoginView.swift in Sources */,
				14C563E12BA8442500E17F09 /* User.swift in Sources */,
				14C563882BA0922A00E17F09 /* appMobileBenevolesApp.swift in Sources */,
				14CF98752BA9DBEA00551B00 /* Creneau.swift in Sources */,
			);
			runOnlyForDeploymentPostprocessing = 0;
		};
/* End PBXSourcesBuildPhase section */

/* Begin XCBuildConfiguration section */
		14C563902BA0922C00E17F09 /* Debug */ = {
			isa = XCBuildConfiguration;
			buildSettings = {
				ALWAYS_SEARCH_USER_PATHS = NO;
				ASSETCATALOG_COMPILER_GENERATE_SWIFT_ASSET_SYMBOL_EXTENSIONS = YES;
				CLANG_ANALYZER_NONNULL = YES;
				CLANG_ANALYZER_NUMBER_OBJECT_CONVERSION = YES_AGGRESSIVE;
				CLANG_CXX_LANGUAGE_STANDARD = "gnu++20";
				CLANG_ENABLE_MODULES = YES;
				CLANG_ENABLE_OBJC_ARC = YES;
				CLANG_ENABLE_OBJC_WEAK = YES;
				CLANG_WARN_BLOCK_CAPTURE_AUTORELEASING = YES;
				CLANG_WARN_BOOL_CONVERSION = YES;
				CLANG_WARN_COMMA = YES;
				CLANG_WARN_CONSTANT_CONVERSION = YES;
				CLANG_WARN_DEPRECATED_OBJC_IMPLEMENTATIONS = YES;
				CLANG_WARN_DIRECT_OBJC_ISA_USAGE = YES_ERROR;
				CLANG_WARN_DOCUMENTATION_COMMENTS = YES;
				CLANG_WARN_EMPTY_BODY = YES;
				CLANG_WARN_ENUM_CONVERSION = YES;
				CLANG_WARN_INFINITE_RECURSION = YES;
				CLANG_WARN_INT_CONVERSION = YES;
				CLANG_WARN_NON_LITERAL_NULL_CONVERSION = YES;
				CLANG_WARN_OBJC_IMPLICIT_RETAIN_SELF = YES;
				CLANG_WARN_OBJC_LITERAL_CONVERSION = YES;
				CLANG_WARN_OBJC_ROOT_CLASS = YES_ERROR;
				CLANG_WARN_QUOTED_INCLUDE_IN_FRAMEWORK_HEADER = YES;
				CLANG_WARN_RANGE_LOOP_ANALYSIS = YES;
				CLANG_WARN_STRICT_PROTOTYPES = YES;
				CLANG_WARN_SUSPICIOUS_MOVE = YES;
				CLANG_WARN_UNGUARDED_AVAILABILITY = YES_AGGRESSIVE;
				CLANG_WARN_UNREACHABLE_CODE = YES;
				CLANG_WARN__DUPLICATE_METHOD_MATCH = YES;
				COPY_PHASE_STRIP = NO;
				DEBUG_INFORMATION_FORMAT = dwarf;
				ENABLE_STRICT_OBJC_MSGSEND = YES;
				ENABLE_TESTABILITY = YES;
				ENABLE_USER_SCRIPT_SANDBOXING = YES;
				GCC_C_LANGUAGE_STANDARD = gnu17;
				GCC_DYNAMIC_NO_PIC = NO;
				GCC_NO_COMMON_BLOCKS = YES;
				GCC_OPTIMIZATION_LEVEL = 0;
				GCC_PREPROCESSOR_DEFINITIONS = (
					"DEBUG=1",
					"$(inherited)",
				);
				GCC_WARN_64_TO_32_BIT_CONVERSION = YES;
				GCC_WARN_ABOUT_RETURN_TYPE = YES_ERROR;
				GCC_WARN_UNDECLARED_SELECTOR = YES;
				GCC_WARN_UNINITIALIZED_AUTOS = YES_AGGRESSIVE;
				GCC_WARN_UNUSED_FUNCTION = YES;
				GCC_WARN_UNUSED_VARIABLE = YES;
				IPHONEOS_DEPLOYMENT_TARGET = 17.2;
				LOCALIZATION_PREFERS_STRING_CATALOGS = YES;
				MTL_ENABLE_DEBUG_INFO = INCLUDE_SOURCE;
				MTL_FAST_MATH = YES;
				ONLY_ACTIVE_ARCH = YES;
				SDKROOT = iphoneos;
				SWIFT_ACTIVE_COMPILATION_CONDITIONS = "DEBUG $(inherited)";
				SWIFT_OPTIMIZATION_LEVEL = "-Onone";
			};
			name = Debug;
		};
		14C563912BA0922C00E17F09 /* Release */ = {
			isa = XCBuildConfiguration;
			buildSettings = {
				ALWAYS_SEARCH_USER_PATHS = NO;
				ASSETCATALOG_COMPILER_GENERATE_SWIFT_ASSET_SYMBOL_EXTENSIONS = YES;
				CLANG_ANALYZER_NONNULL = YES;
				CLANG_ANALYZER_NUMBER_OBJECT_CONVERSION = YES_AGGRESSIVE;
				CLANG_CXX_LANGUAGE_STANDARD = "gnu++20";
				CLANG_ENABLE_MODULES = YES;
				CLANG_ENABLE_OBJC_ARC = YES;
				CLANG_ENABLE_OBJC_WEAK = YES;
				CLANG_WARN_BLOCK_CAPTURE_AUTORELEASING = YES;
				CLANG_WARN_BOOL_CONVERSION = YES;
				CLANG_WARN_COMMA = YES;
				CLANG_WARN_CONSTANT_CONVERSION = YES;
				CLANG_WARN_DEPRECATED_OBJC_IMPLEMENTATIONS = YES;
				CLANG_WARN_DIRECT_OBJC_ISA_USAGE = YES_ERROR;
				CLANG_WARN_DOCUMENTATION_COMMENTS = YES;
				CLANG_WARN_EMPTY_BODY = YES;
				CLANG_WARN_ENUM_CONVERSION = YES;
				CLANG_WARN_INFINITE_RECURSION = YES;
				CLANG_WARN_INT_CONVERSION = YES;
				CLANG_WARN_NON_LITERAL_NULL_CONVERSION = YES;
				CLANG_WARN_OBJC_IMPLICIT_RETAIN_SELF = YES;
				CLANG_WARN_OBJC_LITERAL_CONVERSION = YES;
				CLANG_WARN_OBJC_ROOT_CLASS = YES_ERROR;
				CLANG_WARN_QUOTED_INCLUDE_IN_FRAMEWORK_HEADER = YES;
				CLANG_WARN_RANGE_LOOP_ANALYSIS = YES;
				CLANG_WARN_STRICT_PROTOTYPES = YES;
				CLANG_WARN_SUSPICIOUS_MOVE = YES;
				CLANG_WARN_UNGUARDED_AVAILABILITY = YES_AGGRESSIVE;
				CLANG_WARN_UNREACHABLE_CODE = YES;
				CLANG_WARN__DUPLICATE_METHOD_MATCH = YES;
				COPY_PHASE_STRIP = NO;
				DEBUG_INFORMATION_FORMAT = "dwarf-with-dsym";
				ENABLE_NS_ASSERTIONS = NO;
				ENABLE_STRICT_OBJC_MSGSEND = YES;
				ENABLE_USER_SCRIPT_SANDBOXING = YES;
				GCC_C_LANGUAGE_STANDARD = gnu17;
				GCC_NO_COMMON_BLOCKS = YES;
				GCC_WARN_64_TO_32_BIT_CONVERSION = YES;
				GCC_WARN_ABOUT_RETURN_TYPE = YES_ERROR;
				GCC_WARN_UNDECLARED_SELECTOR = YES;
				GCC_WARN_UNINITIALIZED_AUTOS = YES_AGGRESSIVE;
				GCC_WARN_UNUSED_FUNCTION = YES;
				GCC_WARN_UNUSED_VARIABLE = YES;
				IPHONEOS_DEPLOYMENT_TARGET = 17.2;
				LOCALIZATION_PREFERS_STRING_CATALOGS = YES;
				MTL_ENABLE_DEBUG_INFO = NO;
				MTL_FAST_MATH = YES;
				SDKROOT = iphoneos;
				SWIFT_COMPILATION_MODE = wholemodule;
				VALIDATE_PRODUCT = YES;
			};
			name = Release;
		};
		14C563932BA0922C00E17F09 /* Debug */ = {
			isa = XCBuildConfiguration;
			buildSettings = {
				ASSETCATALOG_COMPILER_APPICON_NAME = AppIcon;
				ASSETCATALOG_COMPILER_GLOBAL_ACCENT_COLOR_NAME = AccentColor;
				CODE_SIGN_STYLE = Automatic;
				CURRENT_PROJECT_VERSION = 1;
				DEVELOPMENT_ASSET_PATHS = "\"appMobileBenevoles/Preview Content\"";
				ENABLE_PREVIEWS = YES;
				GENERATE_INFOPLIST_FILE = YES;
				INFOPLIST_KEY_UIApplicationSceneManifest_Generation = YES;
				INFOPLIST_KEY_UIApplicationSupportsIndirectInputEvents = YES;
				INFOPLIST_KEY_UILaunchScreen_Generation = YES;
				INFOPLIST_KEY_UISupportedInterfaceOrientations_iPad = "UIInterfaceOrientationPortrait UIInterfaceOrientationPortraitUpsideDown UIInterfaceOrientationLandscapeLeft UIInterfaceOrientationLandscapeRight";
				INFOPLIST_KEY_UISupportedInterfaceOrientations_iPhone = "UIInterfaceOrientationPortrait UIInterfaceOrientationLandscapeLeft UIInterfaceOrientationLandscapeRight";
				LD_RUNPATH_SEARCH_PATHS = (
					"$(inherited)",
					"@executable_path/Frameworks",
				);
				MARKETING_VERSION = 1.0;
				PRODUCT_BUNDLE_IDENTIFIER = amel.testappli.appMobileBenevoles;
				PRODUCT_NAME = "$(TARGET_NAME)";
				SWIFT_EMIT_LOC_STRINGS = YES;
				SWIFT_VERSION = 5.0;
				TARGETED_DEVICE_FAMILY = "1,2";
			};
			name = Debug;
		};
		14C563942BA0922C00E17F09 /* Release */ = {
			isa = XCBuildConfiguration;
			buildSettings = {
				ASSETCATALOG_COMPILER_APPICON_NAME = AppIcon;
				ASSETCATALOG_COMPILER_GLOBAL_ACCENT_COLOR_NAME = AccentColor;
				CODE_SIGN_STYLE = Automatic;
				CURRENT_PROJECT_VERSION = 1;
				DEVELOPMENT_ASSET_PATHS = "\"appMobileBenevoles/Preview Content\"";
				ENABLE_PREVIEWS = YES;
				GENERATE_INFOPLIST_FILE = YES;
				INFOPLIST_KEY_UIApplicationSceneManifest_Generation = YES;
				INFOPLIST_KEY_UIApplicationSupportsIndirectInputEvents = YES;
				INFOPLIST_KEY_UILaunchScreen_Generation = YES;
				INFOPLIST_KEY_UISupportedInterfaceOrientations_iPad = "UIInterfaceOrientationPortrait UIInterfaceOrientationPortraitUpsideDown UIInterfaceOrientationLandscapeLeft UIInterfaceOrientationLandscapeRight";
				INFOPLIST_KEY_UISupportedInterfaceOrientations_iPhone = "UIInterfaceOrientationPortrait UIInterfaceOrientationLandscapeLeft UIInterfaceOrientationLandscapeRight";
				LD_RUNPATH_SEARCH_PATHS = (
					"$(inherited)",
					"@executable_path/Frameworks",
				);
				MARKETING_VERSION = 1.0;
				PRODUCT_BUNDLE_IDENTIFIER = amel.testappli.appMobileBenevoles;
				PRODUCT_NAME = "$(TARGET_NAME)";
				SWIFT_EMIT_LOC_STRINGS = YES;
				SWIFT_VERSION = 5.0;
				TARGETED_DEVICE_FAMILY = "1,2";
			};
			name = Release;
		};
/* End XCBuildConfiguration section */

/* Begin XCConfigurationList section */
		14C5637F2BA0922A00E17F09 /* Build configuration list for PBXProject "appMobileBenevoles" */ = {
			isa = XCConfigurationList;
			buildConfigurations = (
				14C563902BA0922C00E17F09 /* Debug */,
				14C563912BA0922C00E17F09 /* Release */,
			);
			defaultConfigurationIsVisible = 0;
			defaultConfigurationName = Release;
		};
		14C563922BA0922C00E17F09 /* Build configuration list for PBXNativeTarget "appMobileBenevoles" */ = {
			isa = XCConfigurationList;
			buildConfigurations = (
				14C563932BA0922C00E17F09 /* Debug */,
				14C563942BA0922C00E17F09 /* Release */,
			);
			defaultConfigurationIsVisible = 0;
			defaultConfigurationName = Release;
		};
/* End XCConfigurationList section */
	};
	rootObject = 14C5637C2BA0922A00E17F09 /* Project object */;
}
